# This file is automatically @generated by Cargo.
# It is not intended for manual editing.
version = 4

[[package]]
name = "pinyin-capi"
version = "0.1.0"

[[package]]
name = "pinyin-core"
version = "0.1.0"

[[package]]
name = "pinyin-data"
version = "0.1.0"

[[package]]
name = "pinyin-dictool"
version = "0.1.0"

[[package]]
name = "pinyin-engine"
version = "0.1.0"

[[package]]
name = "pinyin-migrate"
version = "0.1.0"

[[package]]
name = "pinyin-oracle"
version = "0.1.0"

[[package]]
name = "pinyin-user"
version = "0.1.0"
